// !$*UTF8*$!
{
	archiveVersion = 1;
	classes = {
	};
	objectVersion = 50;
	objects = {

/* Begin PBXBuildFile section */
		9B04810723CA43B70027AC27 /* AppDelegate.swift in Sources */ = {isa = PBXBuildFile; fileRef = 9B04810623CA43B70027AC27 /* AppDelegate.swift */; };
		9B04810923CA43B70027AC27 /* SceneDelegate.swift in Sources */ = {isa = PBXBuildFile; fileRef = 9B04810823CA43B70027AC27 /* SceneDelegate.swift */; };
		9B04810B23CA43B70027AC27 /* ContentView.swift in Sources */ = {isa = PBXBuildFile; fileRef = 9B04810A23CA43B70027AC27 /* ContentView.swift */; };
		9B04810D23CA43B90027AC27 /* Assets.xcassets in Resources */ = {isa = PBXBuildFile; fileRef = 9B04810C23CA43B90027AC27 /* Assets.xcassets */; };
		9B04811023CA43B90027AC27 /* Preview Assets.xcassets in Resources */ = {isa = PBXBuildFile; fileRef = 9B04810F23CA43B90027AC27 /* Preview Assets.xcassets */; };
		9B04811323CA43B90027AC27 /* LaunchScreen.storyboard in Resources */ = {isa = PBXBuildFile; fileRef = 9B04811123CA43B90027AC27 /* LaunchScreen.storyboard */; };
		9B04811E23CA43B90027AC27 /* CarCustomiserTests.swift in Sources */ = {isa = PBXBuildFile; fileRef = 9B04811D23CA43B90027AC27 /* CarCustomiserTests.swift */; };
		9B04812923CA43B90027AC27 /* CarCustomiserUITests.swift in Sources */ = {isa = PBXBuildFile; fileRef = 9B04812823CA43B90027AC27 /* CarCustomiserUITests.swift */; };
/* End PBXBuildFile section */

/* Begin PBXContainerItemProxy section */
		9B04811A23CA43B90027AC27 /* PBXContainerItemProxy */ = {
			isa = PBXContainerItemProxy;
			containerPortal = 9B0480FB23CA43B70027AC27 /* Project object */;
			proxyType = 1;
			remoteGlobalIDString = 9B04810223CA43B70027AC27;
			remoteInfo = CarCustomiser;
		};
		9B04812523CA43B90027AC27 /* PBXContainerItemProxy */ = {
			isa = PBXContainerItemProxy;
			containerPortal = 9B0480FB23CA43B70027AC27 /* Project object */;
			proxyType = 1;
			remoteGlobalIDString = 9B04810223CA43B70027AC27;
			remoteInfo = CarCustomiser;
		};
/* End PBXContainerItemProxy section */

/* Begin PBXFileReference section */
		9B04810323CA43B70027AC27 /* CarCustomiser.app */ = {isa = PBXFileReference; explicitFileType = wrapper.application; includeInIndex = 0; path = CarCustomiser.app; sourceTree = BUILT_PRODUCTS_DIR; };
		9B04810623CA43B70027AC27 /* AppDelegate.swift */ = {isa = PBXFileReference; lastKnownFileType = sourcecode.swift; path = AppDelegate.swift; sourceTree = "<group>"; };
		9B04810823CA43B70027AC27 /* SceneDelegate.swift */ = {isa = PBXFileReference; lastKnownFileType = sourcecode.swift; path = SceneDelegate.swift; sourceTree = "<group>"; };
		9B04810A23CA43B70027AC27 /* ContentView.swift */ = {isa = PBXFileReference; lastKnownFileType = sourcecode.swift; path = ContentView.swift; sourceTree = "<group>"; };
		9B04810C23CA43B90027AC27 /* Assets.xcassets */ = {isa = PBXFileReference; lastKnownFileType = folder.assetcatalog; path = Assets.xcassets; sourceTree = "<group>"; };
		9B04810F23CA43B90027AC27 /* Preview Assets.xcassets */ = {isa = PBXFileReference; lastKnownFileType = folder.assetcatalog; path = "Preview Assets.xcassets"; sourceTree = "<group>"; };
		9B04811223CA43B90027AC27 /* Base */ = {isa = PBXFileReference; lastKnownFileType = file.storyboard; name = Base; path = Base.lproj/LaunchScreen.storyboard; sourceTree = "<group>"; };
		9B04811423CA43B90027AC27 /* Info.plist */ = {isa = PBXFileReference; lastKnownFileType = text.plist.xml; path = Info.plist; sourceTree = "<group>"; };
		9B04811923CA43B90027AC27 /* CarCustomiserTests.xctest */ = {isa = PBXFileReference; explicitFileType = wrapper.cfbundle; includeInIndex = 0; path = CarCustomiserTests.xctest; sourceTree = BUILT_PRODUCTS_DIR; };
		9B04811D23CA43B90027AC27 /* CarCustomiserTests.swift */ = {isa = PBXFileReference; lastKnownFileType = sourcecode.swift; path = CarCustomiserTests.swift; sourceTree = "<group>"; };
		9B04811F23CA43B90027AC27 /* Info.plist */ = {isa = PBXFileReference; lastKnownFileType = text.plist.xml; path = Info.plist; sourceTree = "<group>"; };
		9B04812423CA43B90027AC27 /* CarCustomiserUITests.xctest */ = {isa = PBXFileReference; explicitFileType = wrapper.cfbundle; includeInIndex = 0; path = CarCustomiserUITests.xctest; sourceTree = BUILT_PRODUCTS_DIR; };
		9B04812823CA43B90027AC27 /* CarCustomiserUITests.swift */ = {isa = PBXFileReference; lastKnownFileType = sourcecode.swift; path = CarCustomiserUITests.swift; sourceTree = "<group>"; };
		9B04812A23CA43B90027AC27 /* Info.plist */ = {isa = PBXFileReference; lastKnownFileType = text.plist.xml; path = Info.plist; sourceTree = "<group>"; };
/* End PBXFileReference section */

/* Begin PBXFrameworksBuildPhase section */
		9B04810023CA43B70027AC27 /* Frameworks */ = {
			isa = PBXFrameworksBuildPhase;
			buildActionMask = 2147483647;
			files = (
			);
			runOnlyForDeploymentPostprocessing = 0;
		};
		9B04811623CA43B90027AC27 /* Frameworks */ = {
			isa = PBXFrameworksBuildPhase;
			buildActionMask = 2147483647;
			files = (
			);
			runOnlyForDeploymentPostprocessing = 0;
		};
		9B04812123CA43B90027AC27 /* Frameworks */ = {
			isa = PBXFrameworksBuildPhase;
			buildActionMask = 2147483647;
			files = (
			);
			runOnlyForDeploymentPostprocessing = 0;
		};
/* End PBXFrameworksBuildPhase section */

/* Begin PBXGroup section */
		9B0480FA23CA43B70027AC27 = {
			isa = PBXGroup;
			children = (
				9B04810523CA43B70027AC27 /* CarCustomiser */,
				9B04811C23CA43B90027AC27 /* CarCustomiserTests */,
				9B04812723CA43B90027AC27 /* CarCustomiserUITests */,
				9B04810423CA43B70027AC27 /* Products */,
			);
			sourceTree = "<group>";
		};
		9B04810423CA43B70027AC27 /* Products */ = {
			isa = PBXGroup;
			children = (
				9B04810323CA43B70027AC27 /* CarCustomiser.app */,
				9B04811923CA43B90027AC27 /* CarCustomiserTests.xctest */,
				9B04812423CA43B90027AC27 /* CarCustomiserUITests.xctest */,
			);
			name = Products;
			sourceTree = "<group>";
		};
		9B04810523CA43B70027AC27 /* CarCustomiser */ = {
			isa = PBXGroup;
			children = (
				9B04810623CA43B70027AC27 /* AppDelegate.swift */,
				9B04810823CA43B70027AC27 /* SceneDelegate.swift */,
				9B04810A23CA43B70027AC27 /* ContentView.swift */,
				9B04810C23CA43B90027AC27 /* Assets.xcassets */,
				9B04811123CA43B90027AC27 /* LaunchScreen.storyboard */,
				9B04811423CA43B90027AC27 /* Info.plist */,
				9B04810E23CA43B90027AC27 /* Preview Content */,
			);
			path = CarCustomiser;
			sourceTree = "<group>";
		};
		9B04810E23CA43B90027AC27 /* Preview Content */ = {
			isa = PBXGroup;
			children = (
				9B04810F23CA43B90027AC27 /* Preview Assets.xcassets */,
			);
			path = "Preview Content";
			sourceTree = "<group>";
		};
		9B04811C23CA43B90027AC27 /* CarCustomiserTests */ = {
			isa = PBXGroup;
			children = (
				9B04811D23CA43B90027AC27 /* CarCustomiserTests.swift */,
				9B04811F23CA43B90027AC27 /* Info.plist */,
			);
			path = CarCustomiserTests;
			sourceTree = "<group>";
		};
		9B04812723CA43B90027AC27 /* CarCustomiserUITests */ = {
			isa = PBXGroup;
			children = (
				9B04812823CA43B90027AC27 /* CarCustomiserUITests.swift */,
				9B04812A23CA43B90027AC27 /* Info.plist */,
			);
			path = CarCustomiserUITests;
			sourceTree = "<group>";
		};
/* End PBXGroup section */

/* Begin PBXNativeTarget section */
		9B04810223CA43B70027AC27 /* CarCustomiser */ = {
			isa = PBXNativeTarget;
			buildConfigurationList = 9B04812D23CA43B90027AC27 /* Build configuration list for PBXNativeTarget "CarCustomiser" */;
			buildPhases = (
				9B0480FF23CA43B70027AC27 /* Sources */,
				9B04810023CA43B70027AC27 /* Frameworks */,
				9B04810123CA43B70027AC27 /* Resources */,
			);
			buildRules = (
			);
			dependencies = (
			);
			name = CarCustomiser;
			productName = CarCustomiser;
			productReference = 9B04810323CA43B70027AC27 /* CarCustomiser.app */;
			productType = "com.apple.product-type.application";
		};
		9B04811823CA43B90027AC27 /* CarCustomiserTests */ = {
			isa = PBXNativeTarget;
			buildConfigurationList = 9B04813023CA43B90027AC27 /* Build configuration list for PBXNativeTarget "CarCustomiserTests" */;
			buildPhases = (
				9B04811523CA43B90027AC27 /* Sources */,
				9B04811623CA43B90027AC27 /* Frameworks */,
				9B04811723CA43B90027AC27 /* Resources */,
			);
			buildRules = (
			);
			dependencies = (
				9B04811B23CA43B90027AC27 /* PBXTargetDependency */,
			);
			name = CarCustomiserTests;
			productName = CarCustomiserTests;
			productReference = 9B04811923CA43B90027AC27 /* CarCustomiserTests.xctest */;
			productType = "com.apple.product-type.bundle.unit-test";
		};
		9B04812323CA43B90027AC27 /* CarCustomiserUITests */ = {
			isa = PBXNativeTarget;
			buildConfigurationList = 9B04813323CA43B90027AC27 /* Build configuration list for PBXNativeTarget "CarCustomiserUITests" */;
			buildPhases = (
				9B04812023CA43B90027AC27 /* Sources */,
				9B04812123CA43B90027AC27 /* Frameworks */,
				9B04812223CA43B90027AC27 /* Resources */,
			);
			buildRules = (
			);
			dependencies = (
				9B04812623CA43B90027AC27 /* PBXTargetDependency */,
			);
			name = CarCustomiserUITests;
			productName = CarCustomiserUITests;
			productReference = 9B04812423CA43B90027AC27 /* CarCustomiserUITests.xctest */;
			productType = "com.apple.product-type.bundle.ui-testing";
		};
/* End PBXNativeTarget section */

/* Begin PBXProject section */
		9B0480FB23CA43B70027AC27 /* Project object */ = {
			isa = PBXProject;
			attributes = {
				LastSwiftUpdateCheck = 1130;
				LastUpgradeCheck = 1130;
				ORGANIZATIONNAME = "Goad, William (PAH)";
				TargetAttributes = {
					9B04810223CA43B70027AC27 = {
						CreatedOnToolsVersion = 11.3;
					};
					9B04811823CA43B90027AC27 = {
						CreatedOnToolsVersion = 11.3;
						TestTargetID = 9B04810223CA43B70027AC27;
					};
					9B04812323CA43B90027AC27 = {
						CreatedOnToolsVersion = 11.3;
						TestTargetID = 9B04810223CA43B70027AC27;
					};
				};
			};
			buildConfigurationList = 9B0480FE23CA43B70027AC27 /* Build configuration list for PBXProject "CarCustomiser" */;
			compatibilityVersion = "Xcode 9.3";
			developmentRegion = en;
			hasScannedForEncodings = 0;
			knownRegions = (
				en,
				Base,
			);
			mainGroup = 9B0480FA23CA43B70027AC27;
			productRefGroup = 9B04810423CA43B70027AC27 /* Products */;
			projectDirPath = "";
			projectRoot = "";
			targets = (
				9B04810223CA43B70027AC27 /* CarCustomiser */,
				9B04811823CA43B90027AC27 /* CarCustomiserTests */,
				9B04812323CA43B90027AC27 /* CarCustomiserUITests */,
			);
		};
/* End PBXProject section */

/* Begin PBXResourcesBuildPhase section */
		9B04810123CA43B70027AC27 /* Resources */ = {
			isa = PBXResourcesBuildPhase;
			buildActionMask = 2147483647;
			files = (
				9B04811323CA43B90027AC27 /* LaunchScreen.storyboard in Resources */,
				9B04811023CA43B90027AC27 /* Preview Assets.xcassets in Resources */,
				9B04810D23CA43B90027AC27 /* Assets.xcassets in Resources */,
			);
			runOnlyForDeploymentPostprocessing = 0;
		};
		9B04811723CA43B90027AC27 /* Resources */ = {
			isa = PBXResourcesBuildPhase;
			buildActionMask = 2147483647;
			files = (
			);
			runOnlyForDeploymentPostprocessing = 0;
		};
		9B04812223CA43B90027AC27 /* Resources */ = {
			isa = PBXResourcesBuildPhase;
			buildActionMask = 2147483647;
			files = (
			);
			runOnlyForDeploymentPostprocessing = 0;
		};
/* End PBXResourcesBuildPhase section */

/* Begin PBXSourcesBuildPhase section */
		9B0480FF23CA43B70027AC27 /* Sources */ = {
			isa = PBXSourcesBuildPhase;
			buildActionMask = 2147483647;
			files = (
				9B04810723CA43B70027AC27 /* AppDelegate.swift in Sources */,
				9B04810923CA43B70027AC27 /* SceneDelegate.swift in Sources */,
				9B04810B23CA43B70027AC27 /* ContentView.swift in Sources */,
			);
			runOnlyForDeploymentPostprocessing = 0;
		};
		9B04811523CA43B90027AC27 /* Sources */ = {
			isa = PBXSourcesBuildPhase;
			buildActionMask = 2147483647;
			files = (
				9B04811E23CA43B90027AC27 /* CarCustomiserTests.swift in Sources */,
			);
			runOnlyForDeploymentPostprocessing = 0;
		};
		9B04812023CA43B90027AC27 /* Sources */ = {
			isa = PBXSourcesBuildPhase;
			buildActionMask = 2147483647;
			files = (
				9B04812923CA43B90027AC27 /* CarCustomiserUITests.swift in Sources */,
			);
			runOnlyForDeploymentPostprocessing = 0;
		};
/* End PBXSourcesBuildPhase section */

/* Begin PBXTargetDependency section */
		9B04811B23CA43B90027AC27 /* PBXTargetDependency */ = {
			isa = PBXTargetDependency;
			target = 9B04810223CA43B70027AC27 /* CarCustomiser */;
			targetProxy = 9B04811A23CA43B90027AC27 /* PBXContainerItemProxy */;
		};
		9B04812623CA43B90027AC27 /* PBXTargetDependency */ = {
			isa = PBXTargetDependency;
			target = 9B04810223CA43B70027AC27 /* CarCustomiser */;
			targetProxy = 9B04812523CA43B90027AC27 /* PBXContainerItemProxy */;
		};
/* End PBXTargetDependency section */

/* Begin PBXVariantGroup section */
		9B04811123CA43B90027AC27 /* LaunchScreen.storyboard */ = {
			isa = PBXVariantGroup;
			children = (
				9B04811223CA43B90027AC27 /* Base */,
			);
			name = LaunchScreen.storyboard;
			sourceTree = "<group>";
		};
/* End PBXVariantGroup section */

/* Begin XCBuildConfiguration section */
		9B04812B23CA43B90027AC27 /* Debug */ = {
			isa = XCBuildConfiguration;
			buildSettings = {
				ALWAYS_SEARCH_USER_PATHS = NO;
				CLANG_ANALYZER_NONNULL = YES;
				CLANG_ANALYZER_NUMBER_OBJECT_CONVERSION = YES_AGGRESSIVE;
				CLANG_CXX_LANGUAGE_STANDARD = "gnu++14";
				CLANG_CXX_LIBRARY = "libc++";
				CLANG_ENABLE_MODULES = YES;
				CLANG_ENABLE_OBJC_ARC = YES;
				CLANG_ENABLE_OBJC_WEAK = YES;
				CLANG_WARN_BLOCK_CAPTURE_AUTORELEASING = YES;
				CLANG_WARN_BOOL_CONVERSION = YES;
				CLANG_WARN_COMMA = YES;
				CLANG_WARN_CONSTANT_CONVERSION = YES;
				CLANG_WARN_DEPRECATED_OBJC_IMPLEMENTATIONS = YES;
				CLANG_WARN_DIRECT_OBJC_ISA_USAGE = YES_ERROR;
				CLANG_WARN_DOCUMENTATION_COMMENTS = YES;
				CLANG_WARN_EMPTY_BODY = YES;
				CLANG_WARN_ENUM_CONVERSION = YES;
				CLANG_WARN_INFINITE_RECURSION = YES;
				CLANG_WARN_INT_CONVERSION = YES;
				CLANG_WARN_NON_LITERAL_NULL_CONVERSION = YES;
				CLANG_WARN_OBJC_IMPLICIT_RETAIN_SELF = YES;
				CLANG_WARN_OBJC_LITERAL_CONVERSION = YES;
				CLANG_WARN_OBJC_ROOT_CLASS = YES_ERROR;
				CLANG_WARN_RANGE_LOOP_ANALYSIS = YES;
				CLANG_WARN_STRICT_PROTOTYPES = YES;
				CLANG_WARN_SUSPICIOUS_MOVE = YES;
				CLANG_WARN_UNGUARDED_AVAILABILITY = YES_AGGRESSIVE;
				CLANG_WARN_UNREACHABLE_CODE = YES;
				CLANG_WARN__DUPLICATE_METHOD_MATCH = YES;
				COPY_PHASE_STRIP = NO;
				DEBUG_INFORMATION_FORMAT = dwarf;
				ENABLE_STRICT_OBJC_MSGSEND = YES;
				ENABLE_TESTABILITY = YES;
				GCC_C_LANGUAGE_STANDARD = gnu11;
				GCC_DYNAMIC_NO_PIC = NO;
				GCC_NO_COMMON_BLOCKS = YES;
				GCC_OPTIMIZATION_LEVEL = 0;
				GCC_PREPROCESSOR_DEFINITIONS = (
					"DEBUG=1",
					"$(inherited)",
				);
				GCC_WARN_64_TO_32_BIT_CONVERSION = YES;
				GCC_WARN_ABOUT_RETURN_TYPE = YES_ERROR;
				GCC_WARN_UNDECLARED_SELECTOR = YES;
				GCC_WARN_UNINITIALIZED_AUTOS = YES_AGGRESSIVE;
				GCC_WARN_UNUSED_FUNCTION = YES;
				GCC_WARN_UNUSED_VARIABLE = YES;
				IPHONEOS_DEPLOYMENT_TARGET = 13.2;
				MTL_ENABLE_DEBUG_INFO = INCLUDE_SOURCE;
				MTL_FAST_MATH = YES;
				ONLY_ACTIVE_ARCH = YES;
				SDKROOT = iphoneos;
				SWIFT_ACTIVE_COMPILATION_CONDITIONS = DEBUG;
				SWIFT_OPTIMIZATION_LEVEL = "-Onone";
			};
			name = Debug;
		};
		9B04812C23CA43B90027AC27 /* Release */ = {
			isa = XCBuildConfiguration;
			buildSettings = {
				ALWAYS_SEARCH_USER_PATHS = NO;
				CLANG_ANALYZER_NONNULL = YES;
				CLANG_ANALYZER_NUMBER_OBJECT_CONVERSION = YES_AGGRESSIVE;
				CLANG_CXX_LANGUAGE_STANDARD = "gnu++14";
				CLANG_CXX_LIBRARY = "libc++";
				CLANG_ENABLE_MODULES = YES;
				CLANG_ENABLE_OBJC_ARC = YES;
				CLANG_ENABLE_OBJC_WEAK = YES;
				CLANG_WARN_BLOCK_CAPTURE_AUTORELEASING = YES;
				CLANG_WARN_BOOL_CONVERSION = YES;
				CLANG_WARN_COMMA = YES;
				CLANG_WARN_CONSTANT_CONVERSION = YES;
				CLANG_WARN_DEPRECATED_OBJC_IMPLEMENTATIONS = YES;
				CLANG_WARN_DIRECT_OBJC_ISA_USAGE = YES_ERROR;
				CLANG_WARN_DOCUMENTATION_COMMENTS = YES;
				CLANG_WARN_EMPTY_BODY = YES;
				CLANG_WARN_ENUM_CONVERSION = YES;
				CLANG_WARN_INFINITE_RECURSION = YES;
				CLANG_WARN_INT_CONVERSION = YES;
				CLANG_WARN_NON_LITERAL_NULL_CONVERSION = YES;
				CLANG_WARN_OBJC_IMPLICIT_RETAIN_SELF = YES;
				CLANG_WARN_OBJC_LITERAL_CONVERSION = YES;
				CLANG_WARN_OBJC_ROOT_CLASS = YES_ERROR;
				CLANG_WARN_RANGE_LOOP_ANALYSIS = YES;
				CLANG_WARN_STRICT_PROTOTYPES = YES;
				CLANG_WARN_SUSPICIOUS_MOVE = YES;
				CLANG_WARN_UNGUARDED_AVAILABILITY = YES_AGGRESSIVE;
				CLANG_WARN_UNREACHABLE_CODE = YES;
				CLANG_WARN__DUPLICATE_METHOD_MATCH = YES;
				COPY_PHASE_STRIP = NO;
				DEBUG_INFORMATION_FORMAT = "dwarf-with-dsym";
				ENABLE_NS_ASSERTIONS = NO;
				ENABLE_STRICT_OBJC_MSGSEND = YES;
				GCC_C_LANGUAGE_STANDARD = gnu11;
				GCC_NO_COMMON_BLOCKS = YES;
				GCC_WARN_64_TO_32_BIT_CONVERSION = YES;
				GCC_WARN_ABOUT_RETURN_TYPE = YES_ERROR;
				GCC_WARN_UNDECLARED_SELECTOR = YES;
				GCC_WARN_UNINITIALIZED_AUTOS = YES_AGGRESSIVE;
				GCC_WARN_UNUSED_FUNCTION = YES;
				GCC_WARN_UNUSED_VARIABLE = YES;
				IPHONEOS_DEPLOYMENT_TARGET = 13.2;
				MTL_ENABLE_DEBUG_INFO = NO;
				MTL_FAST_MATH = YES;
				SDKROOT = iphoneos;
				SWIFT_COMPILATION_MODE = wholemodule;
				SWIFT_OPTIMIZATION_LEVEL = "-O";
				VALIDATE_PRODUCT = YES;
			};
			name = Release;
		};
		9B04812E23CA43B90027AC27 /* Debug */ = {
			isa = XCBuildConfiguration;
			buildSettings = {
				ASSETCATALOG_COMPILER_APPICON_NAME = AppIcon;
				CODE_SIGN_STYLE = Automatic;
				DEVELOPMENT_ASSET_PATHS = "\"CarCustomiser/Preview Content\"";
				ENABLE_PREVIEWS = YES;
				INFOPLIST_FILE = CarCustomiser/Info.plist;
				LD_RUNPATH_SEARCH_PATHS = (
					"$(inherited)",
					"@executable_path/Frameworks",
				);
				PRODUCT_BUNDLE_IDENTIFIER = con.WillGoad.CarCustomiser;
				PRODUCT_NAME = "$(TARGET_NAME)";
				SWIFT_VERSION = 5.0;
				TARGETED_DEVICE_FAMILY = "1,2";
			};
			name = Debug;
		};
		9B04812F23CA43B90027AC27 /* Release */ = {
			isa = XCBuildConfiguration;
			buildSettings = {
				ASSETCATALOG_COMPILER_APPICON_NAME = AppIcon;
				CODE_SIGN_STYLE = Automatic;
				DEVELOPMENT_ASSET_PATHS = "\"CarCustomiser/Preview Content\"";
				ENABLE_PREVIEWS = YES;
				INFOPLIST_FILE = CarCustomiser/Info.plist;
				LD_RUNPATH_SEARCH_PATHS = (
					"$(inherited)",
					"@executable_path/Frameworks",
				);
				PRODUCT_BUNDLE_IDENTIFIER = con.WillGoad.CarCustomiser;
				PRODUCT_NAME = "$(TARGET_NAME)";
				SWIFT_VERSION = 5.0;
				TARGETED_DEVICE_FAMILY = "1,2";
			};
			name = Release;
		};
		9B04813123CA43B90027AC27 /* Debug */ = {
			isa = XCBuildConfiguration;
			buildSettings = {
				ALWAYS_EMBED_SWIFT_STANDARD_LIBRARIES = YES;
				BUNDLE_LOADER = "$(TEST_HOST)";
				CODE_SIGN_STYLE = Automatic;
				INFOPLIST_FILE = CarCustomiserTests/Info.plist;
				IPHONEOS_DEPLOYMENT_TARGET = 13.2;
				LD_RUNPATH_SEARCH_PATHS = (
					"$(inherited)",
					"@executable_path/Frameworks",
					"@loader_path/Frameworks",
				);
				PRODUCT_BUNDLE_IDENTIFIER = con.WillGoad.CarCustomiserTests;
				PRODUCT_NAME = "$(TARGET_NAME)";
				SWIFT_VERSION = 5.0;
				TARGETED_DEVICE_FAMILY = "1,2";
				TEST_HOST = "$(BUILT_PRODUCTS_DIR)/CarCustomiser.app/CarCustomiser";
			};
			name = Debug;
		};
		9B04813223CA43B90027AC27 /* Release */ = {
			isa = XCBuildConfiguration;
			buildSettings = {
				ALWAYS_EMBED_SWIFT_STANDARD_LIBRARIES = YES;
				BUNDLE_LOADER = "$(TEST_HOST)";
				CODE_SIGN_STYLE = Automatic;
				INFOPLIST_FILE = CarCustomiserTests/Info.plist;
				IPHONEOS_DEPLOYMENT_TARGET = 13.2;
				LD_RUNPATH_SEARCH_PATHS = (
					"$(inherited)",
					"@executable_path/Frameworks",
					"@loader_path/Frameworks",
				);
				PRODUCT_BUNDLE_IDENTIFIER = con.WillGoad.CarCustomiserTests;
				PRODUCT_NAME = "$(TARGET_NAME)";
				SWIFT_VERSION = 5.0;
				TARGETED_DEVICE_FAMILY = "1,2";
				TEST_HOST = "$(BUILT_PRODUCTS_DIR)/CarCustomiser.app/CarCustomiser";
			};
			name = Release;
		};
		9B04813423CA43B90027AC27 /* Debug */ = {
			isa = XCBuildConfiguration;
			buildSettings = {
				ALWAYS_EMBED_SWIFT_STANDARD_LIBRARIES = YES;
				CODE_SIGN_STYLE = Automatic;
				INFOPLIST_FILE = CarCustomiserUITests/Info.plist;
				LD_RUNPATH_SEARCH_PATHS = (
					"$(inherited)",
					"@executable_path/Frameworks",
					"@loader_path/Frameworks",
				);
				PRODUCT_BUNDLE_IDENTIFIER = con.WillGoad.CarCustomiserUITests;
				PRODUCT_NAME = "$(TARGET_NAME)";
				SWIFT_VERSION = 5.0;
				TARGETED_DEVICE_FAMILY = "1,2";
				TEST_TARGET_NAME = CarCustomiser;
			};
			name = Debug;
		};
		9B04813523CA43B90027AC27 /* Release */ = {
			isa = XCBuildConfiguration;
			buildSettings = {
				ALWAYS_EMBED_SWIFT_STANDARD_LIBRARIES = YES;
				CODE_SIGN_STYLE = Automatic;
				INFOPLIST_FILE = CarCustomiserUITests/Info.plist;
				LD_RUNPATH_SEARCH_PATHS = (
					"$(inherited)",
					"@executable_path/Frameworks",
					"@loader_path/Frameworks",
				);
				PRODUCT_BUNDLE_IDENTIFIER = con.WillGoad.CarCustomiserUITests;
				PRODUCT_NAME = "$(TARGET_NAME)";
				SWIFT_VERSION = 5.0;
				TARGETED_DEVICE_FAMILY = "1,2";
				TEST_TARGET_NAME = CarCustomiser;
			};
			name = Release;
		};
/* End XCBuildConfiguration section */

/* Begin XCConfigurationList section */
		9B0480FE23CA43B70027AC27 /* Build configuration list for PBXProject "CarCustomiser" */ = {
			isa = XCConfigurationList;
			buildConfigurations = (
				9B04812B23CA43B90027AC27 /* Debug */,
				9B04812C23CA43B90027AC27 /* Release */,
			);
			defaultConfigurationIsVisible = 0;
			defaultConfigurationName = Release;
		};
		9B04812D23CA43B90027AC27 /* Build configuration list for PBXNativeTarget "CarCustomiser" */ = {
			isa = XCConfigurationList;
			buildConfigurations = (
				9B04812E23CA43B90027AC27 /* Debug */,
				9B04812F23CA43B90027AC27 /* Release */,
			);
			defaultConfigurationIsVisible = 0;
			defaultConfigurationName = Release;
		};
		9B04813023CA43B90027AC27 /* Build configuration list for PBXNativeTarget "CarCustomiserTests" */ = {
			isa = XCConfigurationList;
			buildConfigurations = (
				9B04813123CA43B90027AC27 /* Debug */,
				9B04813223CA43B90027AC27 /* Release */,
			);
			defaultConfigurationIsVisible = 0;
			defaultConfigurationName = Release;
		};
		9B04813323CA43B90027AC27 /* Build configuration list for PBXNativeTarget "CarCustomiserUITests" */ = {
			isa = XCConfigurationList;
			buildConfigurations = (
				9B04813423CA43B90027AC27 /* Debug */,
				9B04813523CA43B90027AC27 /* Release */,
			);
			defaultConfigurationIsVisible = 0;
			defaultConfigurationName = Release;
		};
/* End XCConfigurationList section */
	};
	rootObject = 9B0480FB23CA43B70027AC27 /* Project object */;
}
