// !$*UTF8*$!
{
	archiveVersion = 1;
	classes = {
	};
	objectVersion = 50;
	objects = {

/* Begin PBXBuildFile section */
		9BB3339623CA5E21005976C0 /* AppDelegate.swift in Sources */ = {isa = PBXBuildFile; fileRef = 9BB3339523CA5E21005976C0 /* AppDelegate.swift */; };
		9BB3339823CA5E21005976C0 /* SceneDelegate.swift in Sources */ = {isa = PBXBuildFile; fileRef = 9BB3339723CA5E21005976C0 /* SceneDelegate.swift */; };
		9BB3339A23CA5E21005976C0 /* ViewController.swift in Sources */ = {isa = PBXBuildFile; fileRef = 9BB3339923CA5E21005976C0 /* ViewController.swift */; };
		9BB3339D23CA5E21005976C0 /* Main.storyboard in Resources */ = {isa = PBXBuildFile; fileRef = 9BB3339B23CA5E21005976C0 /* Main.storyboard */; };
		9BB3339F23CA5E22005976C0 /* Assets.xcassets in Resources */ = {isa = PBXBuildFile; fileRef = 9BB3339E23CA5E22005976C0 /* Assets.xcassets */; };
		9BB333A223CA5E22005976C0 /* LaunchScreen.storyboard in Resources */ = {isa = PBXBuildFile; fileRef = 9BB333A023CA5E22005976C0 /* LaunchScreen.storyboard */; };
		9BB333AD23CA5E22005976C0 /* CarCustomiserTests.swift in Sources */ = {isa = PBXBuildFile; fileRef = 9BB333AC23CA5E22005976C0 /* CarCustomiserTests.swift */; };
		9BB333B823CA5E22005976C0 /* CarCustomiserUITests.swift in Sources */ = {isa = PBXBuildFile; fileRef = 9BB333B723CA5E22005976C0 /* CarCustomiserUITests.swift */; };
		9BB333C623CA5F8A005976C0 /* Car.swift in Sources */ = {isa = PBXBuildFile; fileRef = 9BB333C523CA5F8A005976C0 /* Car.swift */; };
/* End PBXBuildFile section */

/* Begin PBXContainerItemProxy section */
		9BB333A923CA5E22005976C0 /* PBXContainerItemProxy */ = {
			isa = PBXContainerItemProxy;
			containerPortal = 9BB3338A23CA5E21005976C0 /* Project object */;
			proxyType = 1;
			remoteGlobalIDString = 9BB3339123CA5E21005976C0;
			remoteInfo = CarCustomiser;
		};
		9BB333B423CA5E22005976C0 /* PBXContainerItemProxy */ = {
			isa = PBXContainerItemProxy;
			containerPortal = 9BB3338A23CA5E21005976C0 /* Project object */;
			proxyType = 1;
			remoteGlobalIDString = 9BB3339123CA5E21005976C0;
			remoteInfo = CarCustomiser;
		};
/* End PBXContainerItemProxy section */

/* Begin PBXFileReference section */
		9BB3339223CA5E21005976C0 /* CarCustomiser.app */ = {isa = PBXFileReference; explicitFileType = wrapper.application; includeInIndex = 0; path = CarCustomiser.app; sourceTree = BUILT_PRODUCTS_DIR; };
		9BB3339523CA5E21005976C0 /* AppDelegate.swift */ = {isa = PBXFileReference; lastKnownFileType = sourcecode.swift; path = AppDelegate.swift; sourceTree = "<group>"; };
		9BB3339723CA5E21005976C0 /* SceneDelegate.swift */ = {isa = PBXFileReference; lastKnownFileType = sourcecode.swift; path = SceneDelegate.swift; sourceTree = "<group>"; };
		9BB3339923CA5E21005976C0 /* ViewController.swift */ = {isa = PBXFileReference; lastKnownFileType = sourcecode.swift; path = ViewController.swift; sourceTree = "<group>"; };
		9BB3339C23CA5E21005976C0 /* Base */ = {isa = PBXFileReference; lastKnownFileType = file.storyboard; name = Base; path = Base.lproj/Main.storyboard; sourceTree = "<group>"; };
		9BB3339E23CA5E22005976C0 /* Assets.xcassets */ = {isa = PBXFileReference; lastKnownFileType = folder.assetcatalog; path = Assets.xcassets; sourceTree = "<group>"; };
		9BB333A123CA5E22005976C0 /* Base */ = {isa = PBXFileReference; lastKnownFileType = file.storyboard; name = Base; path = Base.lproj/LaunchScreen.storyboard; sourceTree = "<group>"; };
		9BB333A323CA5E22005976C0 /* Info.plist */ = {isa = PBXFileReference; lastKnownFileType = text.plist.xml; path = Info.plist; sourceTree = "<group>"; };
		9BB333A823CA5E22005976C0 /* CarCustomiserTests.xctest */ = {isa = PBXFileReference; explicitFileType = wrapper.cfbundle; includeInIndex = 0; path = CarCustomiserTests.xctest; sourceTree = BUILT_PRODUCTS_DIR; };
		9BB333AC23CA5E22005976C0 /* CarCustomiserTests.swift */ = {isa = PBXFileReference; lastKnownFileType = sourcecode.swift; path = CarCustomiserTests.swift; sourceTree = "<group>"; };
		9BB333AE23CA5E22005976C0 /* Info.plist */ = {isa = PBXFileReference; lastKnownFileType = text.plist.xml; path = Info.plist; sourceTree = "<group>"; };
		9BB333B323CA5E22005976C0 /* CarCustomiserUITests.xctest */ = {isa = PBXFileReference; explicitFileType = wrapper.cfbundle; includeInIndex = 0; path = CarCustomiserUITests.xctest; sourceTree = BUILT_PRODUCTS_DIR; };
		9BB333B723CA5E22005976C0 /* CarCustomiserUITests.swift */ = {isa = PBXFileReference; lastKnownFileType = sourcecode.swift; path = CarCustomiserUITests.swift; sourceTree = "<group>"; };
		9BB333B923CA5E22005976C0 /* Info.plist */ = {isa = PBXFileReference; lastKnownFileType = text.plist.xml; path = Info.plist; sourceTree = "<group>"; };
		9BB333C523CA5F8A005976C0 /* Car.swift */ = {isa = PBXFileReference; lastKnownFileType = sourcecode.swift; path = Car.swift; sourceTree = "<group>"; };
/* End PBXFileReference section */

/* Begin PBXFrameworksBuildPhase section */
		9BB3338F23CA5E21005976C0 /* Frameworks */ = {
			isa = PBXFrameworksBuildPhase;
			buildActionMask = 2147483647;
			files = (
			);
			runOnlyForDeploymentPostprocessing = 0;
		};
		9BB333A523CA5E22005976C0 /* Frameworks */ = {
			isa = PBXFrameworksBuildPhase;
			buildActionMask = 2147483647;
			files = (
			);
			runOnlyForDeploymentPostprocessing = 0;
		};
		9BB333B023CA5E22005976C0 /* Frameworks */ = {
			isa = PBXFrameworksBuildPhase;
			buildActionMask = 2147483647;
			files = (
			);
			runOnlyForDeploymentPostprocessing = 0;
		};
/* End PBXFrameworksBuildPhase section */

/* Begin PBXGroup section */
		9BB3338923CA5E21005976C0 = {
			isa = PBXGroup;
			children = (
				9BB3339423CA5E21005976C0 /* CarCustomiser */,
				9BB333AB23CA5E22005976C0 /* CarCustomiserTests */,
				9BB333B623CA5E22005976C0 /* CarCustomiserUITests */,
				9BB3339323CA5E21005976C0 /* Products */,
			);
			sourceTree = "<group>";
		};
		9BB3339323CA5E21005976C0 /* Products */ = {
			isa = PBXGroup;
			children = (
				9BB3339223CA5E21005976C0 /* CarCustomiser.app */,
				9BB333A823CA5E22005976C0 /* CarCustomiserTests.xctest */,
				9BB333B323CA5E22005976C0 /* CarCustomiserUITests.xctest */,
			);
			name = Products;
			sourceTree = "<group>";
		};
		9BB3339423CA5E21005976C0 /* CarCustomiser */ = {
			isa = PBXGroup;
			children = (
				9BB3339523CA5E21005976C0 /* AppDelegate.swift */,
				9BB3339723CA5E21005976C0 /* SceneDelegate.swift */,
				9BB3339923CA5E21005976C0 /* ViewController.swift */,
				9BB3339B23CA5E21005976C0 /* Main.storyboard */,
				9BB3339E23CA5E22005976C0 /* Assets.xcassets */,
				9BB333A023CA5E22005976C0 /* LaunchScreen.storyboard */,
				9BB333A323CA5E22005976C0 /* Info.plist */,
				9BB333C523CA5F8A005976C0 /* Car.swift */,
			);
			path = CarCustomiser;
			sourceTree = "<group>";
		};
		9BB333AB23CA5E22005976C0 /* CarCustomiserTests */ = {
			isa = PBXGroup;
			children = (
				9BB333AC23CA5E22005976C0 /* CarCustomiserTests.swift */,
				9BB333AE23CA5E22005976C0 /* Info.plist */,
			);
			path = CarCustomiserTests;
			sourceTree = "<group>";
		};
		9BB333B623CA5E22005976C0 /* CarCustomiserUITests */ = {
			isa = PBXGroup;
			children = (
				9BB333B723CA5E22005976C0 /* CarCustomiserUITests.swift */,
				9BB333B923CA5E22005976C0 /* Info.plist */,
			);
			path = CarCustomiserUITests;
			sourceTree = "<group>";
		};
/* End PBXGroup section */

/* Begin PBXNativeTarget section */
		9BB3339123CA5E21005976C0 /* CarCustomiser */ = {
			isa = PBXNativeTarget;
			buildConfigurationList = 9BB333BC23CA5E22005976C0 /* Build configuration list for PBXNativeTarget "CarCustomiser" */;
			buildPhases = (
				9BB3338E23CA5E21005976C0 /* Sources */,
				9BB3338F23CA5E21005976C0 /* Frameworks */,
				9BB3339023CA5E21005976C0 /* Resources */,
			);
			buildRules = (
			);
			dependencies = (
			);
			name = CarCustomiser;
			productName = CarCustomiser;
			productReference = 9BB3339223CA5E21005976C0 /* CarCustomiser.app */;
			productType = "com.apple.product-type.application";
		};
		9BB333A723CA5E22005976C0 /* CarCustomiserTests */ = {
			isa = PBXNativeTarget;
			buildConfigurationList = 9BB333BF23CA5E22005976C0 /* Build configuration list for PBXNativeTarget "CarCustomiserTests" */;
			buildPhases = (
				9BB333A423CA5E22005976C0 /* Sources */,
				9BB333A523CA5E22005976C0 /* Frameworks */,
				9BB333A623CA5E22005976C0 /* Resources */,
			);
			buildRules = (
			);
			dependencies = (
				9BB333AA23CA5E22005976C0 /* PBXTargetDependency */,
			);
			name = CarCustomiserTests;
			productName = CarCustomiserTests;
			productReference = 9BB333A823CA5E22005976C0 /* CarCustomiserTests.xctest */;
			productType = "com.apple.product-type.bundle.unit-test";
		};
		9BB333B223CA5E22005976C0 /* CarCustomiserUITests */ = {
			isa = PBXNativeTarget;
			buildConfigurationList = 9BB333C223CA5E22005976C0 /* Build configuration list for PBXNativeTarget "CarCustomiserUITests" */;
			buildPhases = (
				9BB333AF23CA5E22005976C0 /* Sources */,
				9BB333B023CA5E22005976C0 /* Frameworks */,
				9BB333B123CA5E22005976C0 /* Resources */,
			);
			buildRules = (
			);
			dependencies = (
				9BB333B523CA5E22005976C0 /* PBXTargetDependency */,
			);
			name = CarCustomiserUITests;
			productName = CarCustomiserUITests;
			productReference = 9BB333B323CA5E22005976C0 /* CarCustomiserUITests.xctest */;
			productType = "com.apple.product-type.bundle.ui-testing";
		};
/* End PBXNativeTarget section */

/* Begin PBXProject section */
		9BB3338A23CA5E21005976C0 /* Project object */ = {
			isa = PBXProject;
			attributes = {
				LastSwiftUpdateCheck = 1130;
				LastUpgradeCheck = 1130;
				ORGANIZATIONNAME = "Goad, William (PAH)";
				TargetAttributes = {
					9BB3339123CA5E21005976C0 = {
						CreatedOnToolsVersion = 11.3;
					};
					9BB333A723CA5E22005976C0 = {
						CreatedOnToolsVersion = 11.3;
						TestTargetID = 9BB3339123CA5E21005976C0;
					};
					9BB333B223CA5E22005976C0 = {
						CreatedOnToolsVersion = 11.3;
						TestTargetID = 9BB3339123CA5E21005976C0;
					};
				};
			};
			buildConfigurationList = 9BB3338D23CA5E21005976C0 /* Build configuration list for PBXProject "CarCustomiser" */;
			compatibilityVersion = "Xcode 9.3";
			developmentRegion = en;
			hasScannedForEncodings = 0;
			knownRegions = (
				en,
				Base,
			);
			mainGroup = 9BB3338923CA5E21005976C0;
			productRefGroup = 9BB3339323CA5E21005976C0 /* Products */;
			projectDirPath = "";
			projectRoot = "";
			targets = (
				9BB3339123CA5E21005976C0 /* CarCustomiser */,
				9BB333A723CA5E22005976C0 /* CarCustomiserTests */,
				9BB333B223CA5E22005976C0 /* CarCustomiserUITests */,
			);
		};
/* End PBXProject section */

/* Begin PBXResourcesBuildPhase section */
		9BB3339023CA5E21005976C0 /* Resources */ = {
			isa = PBXResourcesBuildPhase;
			buildActionMask = 2147483647;
			files = (
				9BB333A223CA5E22005976C0 /* LaunchScreen.storyboard in Resources */,
				9BB3339F23CA5E22005976C0 /* Assets.xcassets in Resources */,
				9BB3339D23CA5E21005976C0 /* Main.storyboard in Resources */,
			);
			runOnlyForDeploymentPostprocessing = 0;
		};
		9BB333A623CA5E22005976C0 /* Resources */ = {
			isa = PBXResourcesBuildPhase;
			buildActionMask = 2147483647;
			files = (
			);
			runOnlyForDeploymentPostprocessing = 0;
		};
		9BB333B123CA5E22005976C0 /* Resources */ = {
			isa = PBXResourcesBuildPhase;
			buildActionMask = 2147483647;
			files = (
			);
			runOnlyForDeploymentPostprocessing = 0;
		};
/* End PBXResourcesBuildPhase section */

/* Begin PBXSourcesBuildPhase section */
		9BB3338E23CA5E21005976C0 /* Sources */ = {
			isa = PBXSourcesBuildPhase;
			buildActionMask = 2147483647;
			files = (
				9BB3339A23CA5E21005976C0 /* ViewController.swift in Sources */,
				9BB3339623CA5E21005976C0 /* AppDelegate.swift in Sources */,
				9BB333C623CA5F8A005976C0 /* Car.swift in Sources */,
				9BB3339823CA5E21005976C0 /* SceneDelegate.swift in Sources */,
			);
			runOnlyForDeploymentPostprocessing = 0;
		};
		9BB333A423CA5E22005976C0 /* Sources */ = {
			isa = PBXSourcesBuildPhase;
			buildActionMask = 2147483647;
			files = (
				9BB333AD23CA5E22005976C0 /* CarCustomiserTests.swift in Sources */,
			);
			runOnlyForDeploymentPostprocessing = 0;
		};
		9BB333AF23CA5E22005976C0 /* Sources */ = {
			isa = PBXSourcesBuildPhase;
			buildActionMask = 2147483647;
			files = (
				9BB333B823CA5E22005976C0 /* CarCustomiserUITests.swift in Sources */,
			);
			runOnlyForDeploymentPostprocessing = 0;
		};
/* End PBXSourcesBuildPhase section */

/* Begin PBXTargetDependency section */
		9BB333AA23CA5E22005976C0 /* PBXTargetDependency */ = {
			isa = PBXTargetDependency;
			target = 9BB3339123CA5E21005976C0 /* CarCustomiser */;
			targetProxy = 9BB333A923CA5E22005976C0 /* PBXContainerItemProxy */;
		};
		9BB333B523CA5E22005976C0 /* PBXTargetDependency */ = {
			isa = PBXTargetDependency;
			target = 9BB3339123CA5E21005976C0 /* CarCustomiser */;
			targetProxy = 9BB333B423CA5E22005976C0 /* PBXContainerItemProxy */;
		};
/* End PBXTargetDependency section */

/* Begin PBXVariantGroup section */
		9BB3339B23CA5E21005976C0 /* Main.storyboard */ = {
			isa = PBXVariantGroup;
			children = (
				9BB3339C23CA5E21005976C0 /* Base */,
			);
			name = Main.storyboard;
			sourceTree = "<group>";
		};
		9BB333A023CA5E22005976C0 /* LaunchScreen.storyboard */ = {
			isa = PBXVariantGroup;
			children = (
				9BB333A123CA5E22005976C0 /* Base */,
			);
			name = LaunchScreen.storyboard;
			sourceTree = "<group>";
		};
/* End PBXVariantGroup section */

/* Begin XCBuildConfiguration section */
		9BB333BA23CA5E22005976C0 /* Debug */ = {
			isa = XCBuildConfiguration;
			buildSettings = {
				ALWAYS_SEARCH_USER_PATHS = NO;
				CLANG_ANALYZER_NONNULL = YES;
				CLANG_ANALYZER_NUMBER_OBJECT_CONVERSION = YES_AGGRESSIVE;
				CLANG_CXX_LANGUAGE_STANDARD = "gnu++14";
				CLANG_CXX_LIBRARY = "libc++";
				CLANG_ENABLE_MODULES = YES;
				CLANG_ENABLE_OBJC_ARC = YES;
				CLANG_ENABLE_OBJC_WEAK = YES;
				CLANG_WARN_BLOCK_CAPTURE_AUTORELEASING = YES;
				CLANG_WARN_BOOL_CONVERSION = YES;
				CLANG_WARN_COMMA = YES;
				CLANG_WARN_CONSTANT_CONVERSION = YES;
				CLANG_WARN_DEPRECATED_OBJC_IMPLEMENTATIONS = YES;
				CLANG_WARN_DIRECT_OBJC_ISA_USAGE = YES_ERROR;
				CLANG_WARN_DOCUMENTATION_COMMENTS = YES;
				CLANG_WARN_EMPTY_BODY = YES;
				CLANG_WARN_ENUM_CONVERSION = YES;
				CLANG_WARN_INFINITE_RECURSION = YES;
				CLANG_WARN_INT_CONVERSION = YES;
				CLANG_WARN_NON_LITERAL_NULL_CONVERSION = YES;
				CLANG_WARN_OBJC_IMPLICIT_RETAIN_SELF = YES;
				CLANG_WARN_OBJC_LITERAL_CONVERSION = YES;
				CLANG_WARN_OBJC_ROOT_CLASS = YES_ERROR;
				CLANG_WARN_RANGE_LOOP_ANALYSIS = YES;
				CLANG_WARN_STRICT_PROTOTYPES = YES;
				CLANG_WARN_SUSPICIOUS_MOVE = YES;
				CLANG_WARN_UNGUARDED_AVAILABILITY = YES_AGGRESSIVE;
				CLANG_WARN_UNREACHABLE_CODE = YES;
				CLANG_WARN__DUPLICATE_METHOD_MATCH = YES;
				COPY_PHASE_STRIP = NO;
				DEBUG_INFORMATION_FORMAT = dwarf;
				ENABLE_STRICT_OBJC_MSGSEND = YES;
				ENABLE_TESTABILITY = YES;
				GCC_C_LANGUAGE_STANDARD = gnu11;
				GCC_DYNAMIC_NO_PIC = NO;
				GCC_NO_COMMON_BLOCKS = YES;
				GCC_OPTIMIZATION_LEVEL = 0;
				GCC_PREPROCESSOR_DEFINITIONS = (
					"DEBUG=1",
					"$(inherited)",
				);
				GCC_WARN_64_TO_32_BIT_CONVERSION = YES;
				GCC_WARN_ABOUT_RETURN_TYPE = YES_ERROR;
				GCC_WARN_UNDECLARED_SELECTOR = YES;
				GCC_WARN_UNINITIALIZED_AUTOS = YES_AGGRESSIVE;
				GCC_WARN_UNUSED_FUNCTION = YES;
				GCC_WARN_UNUSED_VARIABLE = YES;
				IPHONEOS_DEPLOYMENT_TARGET = 13.2;
				MTL_ENABLE_DEBUG_INFO = INCLUDE_SOURCE;
				MTL_FAST_MATH = YES;
				ONLY_ACTIVE_ARCH = YES;
				SDKROOT = iphoneos;
				SWIFT_ACTIVE_COMPILATION_CONDITIONS = DEBUG;
				SWIFT_OPTIMIZATION_LEVEL = "-Onone";
			};
			name = Debug;
		};
		9BB333BB23CA5E22005976C0 /* Release */ = {
			isa = XCBuildConfiguration;
			buildSettings = {
				ALWAYS_SEARCH_USER_PATHS = NO;
				CLANG_ANALYZER_NONNULL = YES;
				CLANG_ANALYZER_NUMBER_OBJECT_CONVERSION = YES_AGGRESSIVE;
				CLANG_CXX_LANGUAGE_STANDARD = "gnu++14";
				CLANG_CXX_LIBRARY = "libc++";
				CLANG_ENABLE_MODULES = YES;
				CLANG_ENABLE_OBJC_ARC = YES;
				CLANG_ENABLE_OBJC_WEAK = YES;
				CLANG_WARN_BLOCK_CAPTURE_AUTORELEASING = YES;
				CLANG_WARN_BOOL_CONVERSION = YES;
				CLANG_WARN_COMMA = YES;
				CLANG_WARN_CONSTANT_CONVERSION = YES;
				CLANG_WARN_DEPRECATED_OBJC_IMPLEMENTATIONS = YES;
				CLANG_WARN_DIRECT_OBJC_ISA_USAGE = YES_ERROR;
				CLANG_WARN_DOCUMENTATION_COMMENTS = YES;
				CLANG_WARN_EMPTY_BODY = YES;
				CLANG_WARN_ENUM_CONVERSION = YES;
				CLANG_WARN_INFINITE_RECURSION = YES;
				CLANG_WARN_INT_CONVERSION = YES;
				CLANG_WARN_NON_LITERAL_NULL_CONVERSION = YES;
				CLANG_WARN_OBJC_IMPLICIT_RETAIN_SELF = YES;
				CLANG_WARN_OBJC_LITERAL_CONVERSION = YES;
				CLANG_WARN_OBJC_ROOT_CLASS = YES_ERROR;
				CLANG_WARN_RANGE_LOOP_ANALYSIS = YES;
				CLANG_WARN_STRICT_PROTOTYPES = YES;
				CLANG_WARN_SUSPICIOUS_MOVE = YES;
				CLANG_WARN_UNGUARDED_AVAILABILITY = YES_AGGRESSIVE;
				CLANG_WARN_UNREACHABLE_CODE = YES;
				CLANG_WARN__DUPLICATE_METHOD_MATCH = YES;
				COPY_PHASE_STRIP = NO;
				DEBUG_INFORMATION_FORMAT = "dwarf-with-dsym";
				ENABLE_NS_ASSERTIONS = NO;
				ENABLE_STRICT_OBJC_MSGSEND = YES;
				GCC_C_LANGUAGE_STANDARD = gnu11;
				GCC_NO_COMMON_BLOCKS = YES;
				GCC_WARN_64_TO_32_BIT_CONVERSION = YES;
				GCC_WARN_ABOUT_RETURN_TYPE = YES_ERROR;
				GCC_WARN_UNDECLARED_SELECTOR = YES;
				GCC_WARN_UNINITIALIZED_AUTOS = YES_AGGRESSIVE;
				GCC_WARN_UNUSED_FUNCTION = YES;
				GCC_WARN_UNUSED_VARIABLE = YES;
				IPHONEOS_DEPLOYMENT_TARGET = 13.2;
				MTL_ENABLE_DEBUG_INFO = NO;
				MTL_FAST_MATH = YES;
				SDKROOT = iphoneos;
				SWIFT_COMPILATION_MODE = wholemodule;
				SWIFT_OPTIMIZATION_LEVEL = "-O";
				VALIDATE_PRODUCT = YES;
			};
			name = Release;
		};
		9BB333BD23CA5E22005976C0 /* Debug */ = {
			isa = XCBuildConfiguration;
			buildSettings = {
				ASSETCATALOG_COMPILER_APPICON_NAME = AppIcon;
				CODE_SIGN_STYLE = Automatic;
				INFOPLIST_FILE = CarCustomiser/Info.plist;
				LD_RUNPATH_SEARCH_PATHS = (
					"$(inherited)",
					"@executable_path/Frameworks",
				);
				PRODUCT_BUNDLE_IDENTIFIER = con.WillGoad.CarCustomiser;
				PRODUCT_NAME = "$(TARGET_NAME)";
				SWIFT_VERSION = 5.0;
				TARGETED_DEVICE_FAMILY = "1,2";
			};
			name = Debug;
		};
		9BB333BE23CA5E22005976C0 /* Release */ = {
			isa = XCBuildConfiguration;
			buildSettings = {
				ASSETCATALOG_COMPILER_APPICON_NAME = AppIcon;
				CODE_SIGN_STYLE = Automatic;
				INFOPLIST_FILE = CarCustomiser/Info.plist;
				LD_RUNPATH_SEARCH_PATHS = (
					"$(inherited)",
					"@executable_path/Frameworks",
				);
				PRODUCT_BUNDLE_IDENTIFIER = con.WillGoad.CarCustomiser;
				PRODUCT_NAME = "$(TARGET_NAME)";
				SWIFT_VERSION = 5.0;
				TARGETED_DEVICE_FAMILY = "1,2";
			};
			name = Release;
		};
		9BB333C023CA5E22005976C0 /* Debug */ = {
			isa = XCBuildConfiguration;
			buildSettings = {
				ALWAYS_EMBED_SWIFT_STANDARD_LIBRARIES = YES;
				BUNDLE_LOADER = "$(TEST_HOST)";
				CODE_SIGN_STYLE = Automatic;
				INFOPLIST_FILE = CarCustomiserTests/Info.plist;
				IPHONEOS_DEPLOYMENT_TARGET = 13.2;
				LD_RUNPATH_SEARCH_PATHS = (
					"$(inherited)",
					"@executable_path/Frameworks",
					"@loader_path/Frameworks",
				);
				PRODUCT_BUNDLE_IDENTIFIER = con.WillGoad.CarCustomiserTests;
				PRODUCT_NAME = "$(TARGET_NAME)";
				SWIFT_VERSION = 5.0;
				TARGETED_DEVICE_FAMILY = "1,2";
				TEST_HOST = "$(BUILT_PRODUCTS_DIR)/CarCustomiser.app/CarCustomiser";
			};
			name = Debug;
		};
		9BB333C123CA5E22005976C0 /* Release */ = {
			isa = XCBuildConfiguration;
			buildSettings = {
				ALWAYS_EMBED_SWIFT_STANDARD_LIBRARIES = YES;
				BUNDLE_LOADER = "$(TEST_HOST)";
				CODE_SIGN_STYLE = Automatic;
				INFOPLIST_FILE = CarCustomiserTests/Info.plist;
				IPHONEOS_DEPLOYMENT_TARGET = 13.2;
				LD_RUNPATH_SEARCH_PATHS = (
					"$(inherited)",
					"@executable_path/Frameworks",
					"@loader_path/Frameworks",
				);
				PRODUCT_BUNDLE_IDENTIFIER = con.WillGoad.CarCustomiserTests;
				PRODUCT_NAME = "$(TARGET_NAME)";
				SWIFT_VERSION = 5.0;
				TARGETED_DEVICE_FAMILY = "1,2";
				TEST_HOST = "$(BUILT_PRODUCTS_DIR)/CarCustomiser.app/CarCustomiser";
			};
			name = Release;
		};
		9BB333C323CA5E22005976C0 /* Debug */ = {
			isa = XCBuildConfiguration;
			buildSettings = {
				ALWAYS_EMBED_SWIFT_STANDARD_LIBRARIES = YES;
				CODE_SIGN_STYLE = Automatic;
				INFOPLIST_FILE = CarCustomiserUITests/Info.plist;
				LD_RUNPATH_SEARCH_PATHS = (
					"$(inherited)",
					"@executable_path/Frameworks",
					"@loader_path/Frameworks",
				);
				PRODUCT_BUNDLE_IDENTIFIER = con.WillGoad.CarCustomiserUITests;
				PRODUCT_NAME = "$(TARGET_NAME)";
				SWIFT_VERSION = 5.0;
				TARGETED_DEVICE_FAMILY = "1,2";
				TEST_TARGET_NAME = CarCustomiser;
			};
			name = Debug;
		};
		9BB333C423CA5E22005976C0 /* Release */ = {
			isa = XCBuildConfiguration;
			buildSettings = {
				ALWAYS_EMBED_SWIFT_STANDARD_LIBRARIES = YES;
				CODE_SIGN_STYLE = Automatic;
				INFOPLIST_FILE = CarCustomiserUITests/Info.plist;
				LD_RUNPATH_SEARCH_PATHS = (
					"$(inherited)",
					"@executable_path/Frameworks",
					"@loader_path/Frameworks",
				);
				PRODUCT_BUNDLE_IDENTIFIER = con.WillGoad.CarCustomiserUITests;
				PRODUCT_NAME = "$(TARGET_NAME)";
				SWIFT_VERSION = 5.0;
				TARGETED_DEVICE_FAMILY = "1,2";
				TEST_TARGET_NAME = CarCustomiser;
			};
			name = Release;
		};
/* End XCBuildConfiguration section */

/* Begin XCConfigurationList section */
		9BB3338D23CA5E21005976C0 /* Build configuration list for PBXProject "CarCustomiser" */ = {
			isa = XCConfigurationList;
			buildConfigurations = (
				9BB333BA23CA5E22005976C0 /* Debug */,
				9BB333BB23CA5E22005976C0 /* Release */,
			);
			defaultConfigurationIsVisible = 0;
			defaultConfigurationName = Release;
		};
		9BB333BC23CA5E22005976C0 /* Build configuration list for PBXNativeTarget "CarCustomiser" */ = {
			isa = XCConfigurationList;
			buildConfigurations = (
				9BB333BD23CA5E22005976C0 /* Debug */,
				9BB333BE23CA5E22005976C0 /* Release */,
			);
			defaultConfigurationIsVisible = 0;
			defaultConfigurationName = Release;
		};
		9BB333BF23CA5E22005976C0 /* Build configuration list for PBXNativeTarget "CarCustomiserTests" */ = {
			isa = XCConfigurationList;
			buildConfigurations = (
				9BB333C023CA5E22005976C0 /* Debug */,
				9BB333C123CA5E22005976C0 /* Release */,
			);
			defaultConfigurationIsVisible = 0;
			defaultConfigurationName = Release;
		};
		9BB333C223CA5E22005976C0 /* Build configuration list for PBXNativeTarget "CarCustomiserUITests" */ = {
			isa = XCConfigurationList;
			buildConfigurations = (
				9BB333C323CA5E22005976C0 /* Debug */,
				9BB333C423CA5E22005976C0 /* Release */,
			);
			defaultConfigurationIsVisible = 0;
			defaultConfigurationName = Release;
		};
/* End XCConfigurationList section */
	};
	rootObject = 9BB3338A23CA5E21005976C0 /* Project object */;
}
